
Microsoft Visual Studio Solution File, Format Version 12.00
# Visual Studio 2012
Project("{FAE04EC0-301F-11D3-BF4B-00C04F79EFBC}") = "Monopoly Simulator", "Monopoly Simulator\Monopoly Simulator.csproj", "{A8968B9E-22E2-455C-B1EF-C5E08E3C93B6}"
EndProject
Global
	GlobalSection(SolutionConfigurationPlatforms) = preSolution
		Debug|Any CPU = Debug|Any CPU
		Release|Any CPU = Release|Any CPU
	EndGlobalSection
	GlobalSection(ProjectConfigurationPlatforms) = postSolution
		{A8968B9E-22E2-455C-B1EF-C5E08E3C93B6}.Debug|Any CPU.ActiveCfg = Debug|Any CPU
		{A8968B9E-22E2-455C-B1EF-C5E08E3C93B6}.Debug|Any CPU.Build.0 = Debug|Any CPU
		{A8968B9E-22E2-455C-B1EF-C5E08E3C93B6}.Release|Any CPU.ActiveCfg = Release|Any CPU
		{A8968B9E-22E2-455C-B1EF-C5E08E3C93B6}.Release|Any CPU.Build.0 = Release|Any CPU
	EndGlobalSection
	GlobalSection(SolutionProperties) = preSolution
		HideSolutionNode = FALSE
	EndGlobalSection
EndGlobal
